PODS:
  - Expecta (0.3.0)
  - FRDLivelyButton (1.1.2)
  - KVOController (1.0.0)
  - MFWalkthrough (0.0.2):
    - FRDLivelyButton (~> 1.1.2)
    - KVOController (~> 1.0)
  - OCHamcrest (3.0.1)
  - OCMockito (1.1.0):
    - OCHamcrest (~> 3.0)
  - Specta (0.2.1)

DEPENDENCIES:
  - Expecta (~> 0.3.0)
  - MFWalkthrough (from `../MFWalkthrough.podspec`)
  - OCMockito (~> 1.1)
  - Specta (~> 0.2.1)

EXTERNAL SOURCES:
  MFWalkthrough:
    :path: ../MFWalkthrough.podspec

SPEC CHECKSUMS:
  Expecta: 322f1dc42610106a5ba9871b4924cf1635d80833
  FRDLivelyButton: ef29e27fa81a9a434412d1f3b266a2736349663b
  KVOController: ead0912769f4fae399ca2274a6755b788b773958
  MFWalkthrough: ec9eb9f05db1205c38c616286a58f1095346cb05
  OCHamcrest: 782c52ae8c673e5d6060a65005cfd26d20d519ba
  OCMockito: 317fa0cf75c9b0d73d2be335789c556537be7fd2
  Specta: 2d06220591110c6d9757d8be8ecf8e63aa40dc2a

COCOAPODS: 0.29.0
