PODS:
  - FRDLivelyButton (1.1.2)
  - KVOController (1.0.0)
  - MFWalkthrough (0.0.1):
    - FRDLivelyButton (~> 1.1.2)
    - KVOController (~> 1.0)

DEPENDENCIES:
  - MFWalkthrough (from `../../MFWalkthrough.podspec`)

EXTERNAL SOURCES:
  MFWalkthrough:
    :path: ../../MFWalkthrough.podspec

SPEC CHECKSUMS:
  FRDLivelyButton: ef29e27fa81a9a434412d1f3b266a2736349663b
  KVOController: ead0912769f4fae399ca2274a6755b788b773958
  MFWalkthrough: b209adf030d8b3dde252efd749e982775f59a783

COCOAPODS: 0.29.0
